
Microsoft Visual Studio Solution File, Format Version 12.00
# Visual Studio Version 17
VisualStudioVersion = 17.3.32901.215
MinimumVisualStudioVersion = 10.0.40219.1
Project("{FAE04EC0-301F-11D3-BF4B-00C04F79EFBC}") = "ModCommon", "ModCommon.csproj", "{CBD27C27-B3CD-455E-AF5D-4749CA219D53}"
EndProject
Global
	GlobalSection(SolutionConfigurationPlatforms) = preSolution
		Debug|Any CPU = Debug|Any CPU
		Release|Any CPU = Release|Any CPU
	EndGlobalSection
	GlobalSection(ProjectConfigurationPlatforms) = postSolution
		{CBD27C27-B3CD-455E-AF5D-4749CA219D53}.Debug|Any CPU.ActiveCfg = Debug|Any CPU
		{CBD27C27-B3CD-455E-AF5D-4749CA219D53}.Debug|Any CPU.Build.0 = Debug|Any CPU
		{CBD27C27-B3CD-455E-AF5D-4749CA219D53}.Release|Any CPU.ActiveCfg = Release|Any CPU
		{CBD27C27-B3CD-455E-AF5D-4749CA219D53}.Release|Any CPU.Build.0 = Release|Any CPU
	EndGlobalSection
	GlobalSection(SolutionProperties) = preSolution
		HideSolutionNode = FALSE
	EndGlobalSection
	GlobalSection(ExtensibilityGlobals) = postSolution
		SolutionGuid = {B6F6332B-3340-4CC9-8B88-865C86158F91}
	EndGlobalSection
EndGlobal
