
Microsoft Visual Studio Solution File, Format Version 12.00
# Visual Studio Version 17
VisualStudioVersion = 17.4.33213.308
MinimumVisualStudioVersion = 10.0.40219.1
Project("{FAE04EC0-301F-11D3-BF4B-00C04F79EFBC}") = "Abatab.Module.ProgressNote", "Abatab.Module.ProgressNote.csproj", "{C909F7A7-789F-44BB-8F60-D27F9DE261AF}"
EndProject
Global
	GlobalSection(SolutionConfigurationPlatforms) = preSolution
		Debug|Any CPU = Debug|Any CPU
		Release|Any CPU = Release|Any CPU
	EndGlobalSection
	GlobalSection(ProjectConfigurationPlatforms) = postSolution
		{C909F7A7-789F-44BB-8F60-D27F9DE261AF}.Debug|Any CPU.ActiveCfg = Debug|Any CPU
		{C909F7A7-789F-44BB-8F60-D27F9DE261AF}.Debug|Any CPU.Build.0 = Debug|Any CPU
		{C909F7A7-789F-44BB-8F60-D27F9DE261AF}.Release|Any CPU.ActiveCfg = Release|Any CPU
		{C909F7A7-789F-44BB-8F60-D27F9DE261AF}.Release|Any CPU.Build.0 = Release|Any CPU
	EndGlobalSection
	GlobalSection(SolutionProperties) = preSolution
		HideSolutionNode = FALSE
	EndGlobalSection
	GlobalSection(ExtensibilityGlobals) = postSolution
		SolutionGuid = {4BA23298-36F5-4AC2-B365-28840CC004FD}
	EndGlobalSection
EndGlobal
