
Microsoft Visual Studio Solution File, Format Version 12.00
# Visual Studio Version 17
VisualStudioVersion = 17.3.32825.248
MinimumVisualStudioVersion = 10.0.40219.1
Project("{FAE04EC0-301F-11D3-BF4B-00C04F79EFBC}") = "Abatab", "Abatab.csproj", "{BE9DE07E-2670-46EE-AA14-F24B9BD0E8E1}"
EndProject
Project("{F184B08F-C81C-45F6-A57F-5ABD9991F28F}") = "NTST.ScriptLinkService.Objects", "NTST.ScriptLinkService.Objects\NTST.ScriptLinkService.Objects.vbproj", "{8A8A6089-3286-42E6-9F76-B61784709654}"
EndProject
Project("{FAE04EC0-301F-11D3-BF4B-00C04F79EFBC}") = "AbatabLogging", "AbatabLogging\AbatabLogging.csproj", "{A4467424-56E0-4260-BB21-D98263D7AEFD}"
EndProject
Project("{FAE04EC0-301F-11D3-BF4B-00C04F79EFBC}") = "AbatabSession", "AbatabSession\AbatabSession.csproj", "{5FCAD3F6-0AA9-4BEE-B390-097A6832568E}"
EndProject
Project("{FAE04EC0-301F-11D3-BF4B-00C04F79EFBC}") = "AbatabOptionObject", "AbatabOptionObject\AbatabOptionObject.csproj", "{2741DF45-7DB8-4BEA-89B4-4A70C7114192}"
EndProject
Project("{FAE04EC0-301F-11D3-BF4B-00C04F79EFBC}") = "AbatabData", "AbatabData\AbatabData.csproj", "{E3028CFD-5965-4555-9A96-3EBBDFD4D550}"
EndProject
Project("{2150E333-8FDC-42A3-9474-1A3956D46DE8}") = "Modules", "Modules", "{02BF6478-CF2B-4E5C-B7C0-2C1BAE3A83BE}"
EndProject
Project("{FAE04EC0-301F-11D3-BF4B-00C04F79EFBC}") = "AbatabSystem", "AbatabSystem\AbatabSystem.csproj", "{212A533F-4074-4E6E-A994-9D5DB850BF8E}"
EndProject
Project("{FAE04EC0-301F-11D3-BF4B-00C04F79EFBC}") = "ModCommon", "Modules\ModCommon\ModCommon.csproj", "{CBD27C27-B3CD-455E-AF5D-4749CA219D53}"
EndProject
Project("{FAE04EC0-301F-11D3-BF4B-00C04F79EFBC}") = "ModPrototype", "Modules\ModPrototype\ModPrototype.csproj", "{312EC2A5-27D6-4ABF-8697-022DB3123933}"
EndProject
Project("{FAE04EC0-301F-11D3-BF4B-00C04F79EFBC}") = "ModQuickMedOrder", "Modules\ModQuickMedOrder\ModQuickMedOrder.csproj", "{2B511742-BD1E-4600-A041-7229942F4672}"
EndProject
Project("{FAE04EC0-301F-11D3-BF4B-00C04F79EFBC}") = "ModTesting", "Modules\ModTesting\ModTesting.csproj", "{62D98FC0-0A8D-4278-A96B-C9ACEFB79EF3}"
EndProject
Project("{FAE04EC0-301F-11D3-BF4B-00C04F79EFBC}") = "AbatabSettings", "AbatabSettings\AbatabSettings.csproj", "{EEBF094A-B887-44B5-981B-7D9AE9482140}"
EndProject
Project("{FAE04EC0-301F-11D3-BF4B-00C04F79EFBC}") = "AbatabParser", "AbatabParser\AbatabParser.csproj", "{DD3F7CAC-C90E-4286-97CF-53C2378B7486}"
EndProject
Project("{2150E333-8FDC-42A3-9474-1A3956D46DE8}") = "Du", "Du", "{020E68DE-1B65-4CDF-86D1-A50BCC3E3D4F}"
EndProject
Project("{FAE04EC0-301F-11D3-BF4B-00C04F79EFBC}") = "Du", "Du\Du\Du.csproj", "{6DD34E25-A803-49EC-A540-4017F5D21B78}"
EndProject
Global
	GlobalSection(SolutionConfigurationPlatforms) = preSolution
		Debug|Any CPU = Debug|Any CPU
		Release|Any CPU = Release|Any CPU
	EndGlobalSection
	GlobalSection(ProjectConfigurationPlatforms) = postSolution
		{BE9DE07E-2670-46EE-AA14-F24B9BD0E8E1}.Debug|Any CPU.ActiveCfg = Debug|Any CPU
		{BE9DE07E-2670-46EE-AA14-F24B9BD0E8E1}.Debug|Any CPU.Build.0 = Debug|Any CPU
		{BE9DE07E-2670-46EE-AA14-F24B9BD0E8E1}.Release|Any CPU.ActiveCfg = Release|Any CPU
		{BE9DE07E-2670-46EE-AA14-F24B9BD0E8E1}.Release|Any CPU.Build.0 = Release|Any CPU
		{8A8A6089-3286-42E6-9F76-B61784709654}.Debug|Any CPU.ActiveCfg = Debug|Any CPU
		{8A8A6089-3286-42E6-9F76-B61784709654}.Debug|Any CPU.Build.0 = Debug|Any CPU
		{8A8A6089-3286-42E6-9F76-B61784709654}.Release|Any CPU.ActiveCfg = Release|Any CPU
		{8A8A6089-3286-42E6-9F76-B61784709654}.Release|Any CPU.Build.0 = Release|Any CPU
		{A4467424-56E0-4260-BB21-D98263D7AEFD}.Debug|Any CPU.ActiveCfg = Debug|Any CPU
		{A4467424-56E0-4260-BB21-D98263D7AEFD}.Debug|Any CPU.Build.0 = Debug|Any CPU
		{A4467424-56E0-4260-BB21-D98263D7AEFD}.Release|Any CPU.ActiveCfg = Release|Any CPU
		{A4467424-56E0-4260-BB21-D98263D7AEFD}.Release|Any CPU.Build.0 = Release|Any CPU
		{5FCAD3F6-0AA9-4BEE-B390-097A6832568E}.Debug|Any CPU.ActiveCfg = Debug|Any CPU
		{5FCAD3F6-0AA9-4BEE-B390-097A6832568E}.Debug|Any CPU.Build.0 = Debug|Any CPU
		{5FCAD3F6-0AA9-4BEE-B390-097A6832568E}.Release|Any CPU.ActiveCfg = Release|Any CPU
		{5FCAD3F6-0AA9-4BEE-B390-097A6832568E}.Release|Any CPU.Build.0 = Release|Any CPU
		{2741DF45-7DB8-4BEA-89B4-4A70C7114192}.Debug|Any CPU.ActiveCfg = Debug|Any CPU
		{2741DF45-7DB8-4BEA-89B4-4A70C7114192}.Debug|Any CPU.Build.0 = Debug|Any CPU
		{2741DF45-7DB8-4BEA-89B4-4A70C7114192}.Release|Any CPU.ActiveCfg = Release|Any CPU
		{2741DF45-7DB8-4BEA-89B4-4A70C7114192}.Release|Any CPU.Build.0 = Release|Any CPU
		{E3028CFD-5965-4555-9A96-3EBBDFD4D550}.Debug|Any CPU.ActiveCfg = Debug|Any CPU
		{E3028CFD-5965-4555-9A96-3EBBDFD4D550}.Debug|Any CPU.Build.0 = Debug|Any CPU
		{E3028CFD-5965-4555-9A96-3EBBDFD4D550}.Release|Any CPU.ActiveCfg = Release|Any CPU
		{E3028CFD-5965-4555-9A96-3EBBDFD4D550}.Release|Any CPU.Build.0 = Release|Any CPU
		{212A533F-4074-4E6E-A994-9D5DB850BF8E}.Debug|Any CPU.ActiveCfg = Debug|Any CPU
		{212A533F-4074-4E6E-A994-9D5DB850BF8E}.Debug|Any CPU.Build.0 = Debug|Any CPU
		{212A533F-4074-4E6E-A994-9D5DB850BF8E}.Release|Any CPU.ActiveCfg = Release|Any CPU
		{212A533F-4074-4E6E-A994-9D5DB850BF8E}.Release|Any CPU.Build.0 = Release|Any CPU
		{CBD27C27-B3CD-455E-AF5D-4749CA219D53}.Debug|Any CPU.ActiveCfg = Debug|Any CPU
		{CBD27C27-B3CD-455E-AF5D-4749CA219D53}.Debug|Any CPU.Build.0 = Debug|Any CPU
		{CBD27C27-B3CD-455E-AF5D-4749CA219D53}.Release|Any CPU.ActiveCfg = Release|Any CPU
		{CBD27C27-B3CD-455E-AF5D-4749CA219D53}.Release|Any CPU.Build.0 = Release|Any CPU
		{312EC2A5-27D6-4ABF-8697-022DB3123933}.Debug|Any CPU.ActiveCfg = Debug|Any CPU
		{312EC2A5-27D6-4ABF-8697-022DB3123933}.Debug|Any CPU.Build.0 = Debug|Any CPU
		{312EC2A5-27D6-4ABF-8697-022DB3123933}.Release|Any CPU.ActiveCfg = Release|Any CPU
		{312EC2A5-27D6-4ABF-8697-022DB3123933}.Release|Any CPU.Build.0 = Release|Any CPU
		{2B511742-BD1E-4600-A041-7229942F4672}.Debug|Any CPU.ActiveCfg = Debug|Any CPU
		{2B511742-BD1E-4600-A041-7229942F4672}.Debug|Any CPU.Build.0 = Debug|Any CPU
		{2B511742-BD1E-4600-A041-7229942F4672}.Release|Any CPU.ActiveCfg = Release|Any CPU
		{2B511742-BD1E-4600-A041-7229942F4672}.Release|Any CPU.Build.0 = Release|Any CPU
		{62D98FC0-0A8D-4278-A96B-C9ACEFB79EF3}.Debug|Any CPU.ActiveCfg = Debug|Any CPU
		{62D98FC0-0A8D-4278-A96B-C9ACEFB79EF3}.Debug|Any CPU.Build.0 = Debug|Any CPU
		{62D98FC0-0A8D-4278-A96B-C9ACEFB79EF3}.Release|Any CPU.ActiveCfg = Release|Any CPU
		{62D98FC0-0A8D-4278-A96B-C9ACEFB79EF3}.Release|Any CPU.Build.0 = Release|Any CPU
		{EEBF094A-B887-44B5-981B-7D9AE9482140}.Debug|Any CPU.ActiveCfg = Debug|Any CPU
		{EEBF094A-B887-44B5-981B-7D9AE9482140}.Debug|Any CPU.Build.0 = Debug|Any CPU
		{EEBF094A-B887-44B5-981B-7D9AE9482140}.Release|Any CPU.ActiveCfg = Release|Any CPU
		{EEBF094A-B887-44B5-981B-7D9AE9482140}.Release|Any CPU.Build.0 = Release|Any CPU
		{DD3F7CAC-C90E-4286-97CF-53C2378B7486}.Debug|Any CPU.ActiveCfg = Debug|Any CPU
		{DD3F7CAC-C90E-4286-97CF-53C2378B7486}.Debug|Any CPU.Build.0 = Debug|Any CPU
		{DD3F7CAC-C90E-4286-97CF-53C2378B7486}.Release|Any CPU.ActiveCfg = Release|Any CPU
		{DD3F7CAC-C90E-4286-97CF-53C2378B7486}.Release|Any CPU.Build.0 = Release|Any CPU
		{6DD34E25-A803-49EC-A540-4017F5D21B78}.Debug|Any CPU.ActiveCfg = Debug|Any CPU
		{6DD34E25-A803-49EC-A540-4017F5D21B78}.Debug|Any CPU.Build.0 = Debug|Any CPU
		{6DD34E25-A803-49EC-A540-4017F5D21B78}.Release|Any CPU.ActiveCfg = Release|Any CPU
		{6DD34E25-A803-49EC-A540-4017F5D21B78}.Release|Any CPU.Build.0 = Release|Any CPU
	EndGlobalSection
	GlobalSection(SolutionProperties) = preSolution
		HideSolutionNode = FALSE
	EndGlobalSection
	GlobalSection(NestedProjects) = preSolution
		{CBD27C27-B3CD-455E-AF5D-4749CA219D53} = {02BF6478-CF2B-4E5C-B7C0-2C1BAE3A83BE}
		{312EC2A5-27D6-4ABF-8697-022DB3123933} = {02BF6478-CF2B-4E5C-B7C0-2C1BAE3A83BE}
		{2B511742-BD1E-4600-A041-7229942F4672} = {02BF6478-CF2B-4E5C-B7C0-2C1BAE3A83BE}
		{62D98FC0-0A8D-4278-A96B-C9ACEFB79EF3} = {02BF6478-CF2B-4E5C-B7C0-2C1BAE3A83BE}
		{6DD34E25-A803-49EC-A540-4017F5D21B78} = {020E68DE-1B65-4CDF-86D1-A50BCC3E3D4F}
	EndGlobalSection
	GlobalSection(ExtensibilityGlobals) = postSolution
		SolutionGuid = {1DB591AE-5191-4FBB-97BC-CD7AE711CF4F}
	EndGlobalSection
EndGlobal
