
Microsoft Visual Studio Solution File, Format Version 12.00
# Visual Studio Version 17
VisualStudioVersion = 17.3.32901.215
MinimumVisualStudioVersion = 10.0.40219.1
Project("{FAE04EC0-301F-11D3-BF4B-00C04F79EFBC}") = "AbatabLogging", "AbatabLogging.csproj", "{A4467424-56E0-4260-BB21-D98263D7AEFD}"
EndProject
Global
	GlobalSection(SolutionConfigurationPlatforms) = preSolution
		Debug|Any CPU = Debug|Any CPU
		Release|Any CPU = Release|Any CPU
	EndGlobalSection
	GlobalSection(ProjectConfigurationPlatforms) = postSolution
		{A4467424-56E0-4260-BB21-D98263D7AEFD}.Debug|Any CPU.ActiveCfg = Debug|Any CPU
		{A4467424-56E0-4260-BB21-D98263D7AEFD}.Debug|Any CPU.Build.0 = Debug|Any CPU
		{A4467424-56E0-4260-BB21-D98263D7AEFD}.Release|Any CPU.ActiveCfg = Release|Any CPU
		{A4467424-56E0-4260-BB21-D98263D7AEFD}.Release|Any CPU.Build.0 = Release|Any CPU
	EndGlobalSection
	GlobalSection(SolutionProperties) = preSolution
		HideSolutionNode = FALSE
	EndGlobalSection
	GlobalSection(ExtensibilityGlobals) = postSolution
		SolutionGuid = {ABB5C246-AD5F-4A56-8D2D-F79A0A0F6B89}
	EndGlobalSection
EndGlobal
