
Microsoft Visual Studio Solution File, Format Version 12.00
# Visual Studio Version 17
VisualStudioVersion = 17.2.32630.192
MinimumVisualStudioVersion = 10.0.40219.1
Project("{FAE04EC0-301F-11D3-BF4B-00C04F79EFBC}") = "MAWS", "MAWS.csproj", "{9CC74928-E509-4AC6-8BE3-73F157151F8D}"
EndProject
Project("{F184B08F-C81C-45F6-A57F-5ABD9991F28F}") = "NTST.ScriptLinkService.Objects", "NTST.ScriptLinkService.Objects\NTST.ScriptLinkService.Objects.vbproj", "{8A8A6089-3286-42E6-9F76-B61784709654}"
EndProject
Project("{FAE04EC0-301F-11D3-BF4B-00C04F79EFBC}") = "MAWS.Logging", "MAWS.Logging\MAWS.Logging.csproj", "{072BE736-9A45-473F-85FA-61C724B90532}"
EndProject
Project("{FAE04EC0-301F-11D3-BF4B-00C04F79EFBC}") = "MAWS.Session", "MAWS.Session\MAWS.Session.csproj", "{31EA8EDE-AF47-41B8-BD96-12676CBB1428}"
EndProject
Project("{FAE04EC0-301F-11D3-BF4B-00C04F79EFBC}") = "MAWS.Common", "MAWS.Common\MAWS.Common.csproj", "{A7B485C9-7646-4F63-B161-48BC8DFE4E4F}"
EndProject
Global
	GlobalSection(SolutionConfigurationPlatforms) = preSolution
		Debug|Any CPU = Debug|Any CPU
		Release|Any CPU = Release|Any CPU
	EndGlobalSection
	GlobalSection(ProjectConfigurationPlatforms) = postSolution
		{9CC74928-E509-4AC6-8BE3-73F157151F8D}.Debug|Any CPU.ActiveCfg = Debug|Any CPU
		{9CC74928-E509-4AC6-8BE3-73F157151F8D}.Debug|Any CPU.Build.0 = Debug|Any CPU
		{9CC74928-E509-4AC6-8BE3-73F157151F8D}.Release|Any CPU.ActiveCfg = Release|Any CPU
		{9CC74928-E509-4AC6-8BE3-73F157151F8D}.Release|Any CPU.Build.0 = Release|Any CPU
		{8A8A6089-3286-42E6-9F76-B61784709654}.Debug|Any CPU.ActiveCfg = Debug|Any CPU
		{8A8A6089-3286-42E6-9F76-B61784709654}.Debug|Any CPU.Build.0 = Debug|Any CPU
		{8A8A6089-3286-42E6-9F76-B61784709654}.Release|Any CPU.ActiveCfg = Release|Any CPU
		{8A8A6089-3286-42E6-9F76-B61784709654}.Release|Any CPU.Build.0 = Release|Any CPU
		{072BE736-9A45-473F-85FA-61C724B90532}.Debug|Any CPU.ActiveCfg = Debug|Any CPU
		{072BE736-9A45-473F-85FA-61C724B90532}.Debug|Any CPU.Build.0 = Debug|Any CPU
		{072BE736-9A45-473F-85FA-61C724B90532}.Release|Any CPU.ActiveCfg = Release|Any CPU
		{072BE736-9A45-473F-85FA-61C724B90532}.Release|Any CPU.Build.0 = Release|Any CPU
		{31EA8EDE-AF47-41B8-BD96-12676CBB1428}.Debug|Any CPU.ActiveCfg = Debug|Any CPU
		{31EA8EDE-AF47-41B8-BD96-12676CBB1428}.Debug|Any CPU.Build.0 = Debug|Any CPU
		{31EA8EDE-AF47-41B8-BD96-12676CBB1428}.Release|Any CPU.ActiveCfg = Release|Any CPU
		{31EA8EDE-AF47-41B8-BD96-12676CBB1428}.Release|Any CPU.Build.0 = Release|Any CPU
		{A7B485C9-7646-4F63-B161-48BC8DFE4E4F}.Debug|Any CPU.ActiveCfg = Debug|Any CPU
		{A7B485C9-7646-4F63-B161-48BC8DFE4E4F}.Debug|Any CPU.Build.0 = Debug|Any CPU
		{A7B485C9-7646-4F63-B161-48BC8DFE4E4F}.Release|Any CPU.ActiveCfg = Release|Any CPU
		{A7B485C9-7646-4F63-B161-48BC8DFE4E4F}.Release|Any CPU.Build.0 = Release|Any CPU
	EndGlobalSection
	GlobalSection(SolutionProperties) = preSolution
		HideSolutionNode = FALSE
	EndGlobalSection
	GlobalSection(ExtensibilityGlobals) = postSolution
		SolutionGuid = {44F9E98C-4D58-459A-AC75-411C01830002}
	EndGlobalSection
EndGlobal
