
Microsoft Visual Studio Solution File, Format Version 12.00
# Visual Studio Version 17
VisualStudioVersion = 17.3.32901.215
MinimumVisualStudioVersion = 10.0.40219.1
Project("{FAE04EC0-301F-11D3-BF4B-00C04F79EFBC}") = "ModuleDose", "ModuleDose.csproj", "{B1F06AE6-91EF-46E5-850F-2933E0273932}"
EndProject
Global
	GlobalSection(SolutionConfigurationPlatforms) = preSolution
		Debug|Any CPU = Debug|Any CPU
		Release|Any CPU = Release|Any CPU
	EndGlobalSection
	GlobalSection(ProjectConfigurationPlatforms) = postSolution
		{B1F06AE6-91EF-46E5-850F-2933E0273932}.Debug|Any CPU.ActiveCfg = Debug|Any CPU
		{B1F06AE6-91EF-46E5-850F-2933E0273932}.Debug|Any CPU.Build.0 = Debug|Any CPU
		{B1F06AE6-91EF-46E5-850F-2933E0273932}.Release|Any CPU.ActiveCfg = Release|Any CPU
		{B1F06AE6-91EF-46E5-850F-2933E0273932}.Release|Any CPU.Build.0 = Release|Any CPU
	EndGlobalSection
	GlobalSection(SolutionProperties) = preSolution
		HideSolutionNode = FALSE
	EndGlobalSection
	GlobalSection(ExtensibilityGlobals) = postSolution
		SolutionGuid = {E59B6333-547A-442A-B817-AFB3334DAA90}
	EndGlobalSection
EndGlobal
