
Microsoft Visual Studio Solution File, Format Version 12.00
# Visual Studio Version 17
VisualStudioVersion = 17.3.32901.215
MinimumVisualStudioVersion = 10.0.40219.1
Project("{FAE04EC0-301F-11D3-BF4B-00C04F79EFBC}") = "ModulePrototype", "ModulePrototype.csproj", "{82A95265-AD48-4A07-A941-C48F9025D616}"
EndProject
Global
	GlobalSection(SolutionConfigurationPlatforms) = preSolution
		Debug|Any CPU = Debug|Any CPU
		Release|Any CPU = Release|Any CPU
	EndGlobalSection
	GlobalSection(ProjectConfigurationPlatforms) = postSolution
		{82A95265-AD48-4A07-A941-C48F9025D616}.Debug|Any CPU.ActiveCfg = Debug|Any CPU
		{82A95265-AD48-4A07-A941-C48F9025D616}.Debug|Any CPU.Build.0 = Debug|Any CPU
		{82A95265-AD48-4A07-A941-C48F9025D616}.Release|Any CPU.ActiveCfg = Release|Any CPU
		{82A95265-AD48-4A07-A941-C48F9025D616}.Release|Any CPU.Build.0 = Release|Any CPU
	EndGlobalSection
	GlobalSection(SolutionProperties) = preSolution
		HideSolutionNode = FALSE
	EndGlobalSection
	GlobalSection(ExtensibilityGlobals) = postSolution
		SolutionGuid = {FC26B51B-004A-4660-B26D-7ED7D5B39B82}
	EndGlobalSection
EndGlobal
