
Microsoft Visual Studio Solution File, Format Version 12.00
# Visual Studio Version 17
VisualStudioVersion = 17.4.33213.308
MinimumVisualStudioVersion = 10.0.40219.1
Project("{FAE04EC0-301F-11D3-BF4B-00C04F79EFBC}") = "Abatab.Core.Utilities", "Abatab.Core.Utilities.csproj", "{88553C90-6BAE-4005-B2CC-FD9A68ADC094}"
EndProject
Global
	GlobalSection(SolutionConfigurationPlatforms) = preSolution
		Debug|Any CPU = Debug|Any CPU
		Release|Any CPU = Release|Any CPU
	EndGlobalSection
	GlobalSection(ProjectConfigurationPlatforms) = postSolution
		{88553C90-6BAE-4005-B2CC-FD9A68ADC094}.Debug|Any CPU.ActiveCfg = Debug|Any CPU
		{88553C90-6BAE-4005-B2CC-FD9A68ADC094}.Debug|Any CPU.Build.0 = Debug|Any CPU
		{88553C90-6BAE-4005-B2CC-FD9A68ADC094}.Release|Any CPU.ActiveCfg = Release|Any CPU
		{88553C90-6BAE-4005-B2CC-FD9A68ADC094}.Release|Any CPU.Build.0 = Release|Any CPU
	EndGlobalSection
	GlobalSection(SolutionProperties) = preSolution
		HideSolutionNode = FALSE
	EndGlobalSection
	GlobalSection(ExtensibilityGlobals) = postSolution
		SolutionGuid = {4FC45BB7-7FCA-4EFA-B9CD-20A27F45A11C}
	EndGlobalSection
EndGlobal
