
Microsoft Visual Studio Solution File, Format Version 12.00
# Visual Studio Version 17
VisualStudioVersion = 17.4.33213.308
MinimumVisualStudioVersion = 10.0.40219.1
Project("{FAE04EC0-301F-11D3-BF4B-00C04F79EFBC}") = "Abatab", "Abatab.csproj", "{2F8CF756-3BD3-40AF-BB5C-0CCC497B96AE}"
EndProject
Project("{2150E333-8FDC-42A3-9474-1A3956D46DE8}") = "Core", "Core", "{8896A775-B439-44BA-BBA7-2AA13425EEAA}"
EndProject
Project("{2150E333-8FDC-42A3-9474-1A3956D46DE8}") = "Module", "Module", "{97E3CCF8-4873-43BF-836F-16AA911302EB}"
EndProject
Project("{2150E333-8FDC-42A3-9474-1A3956D46DE8}") = "ThirdParty", "ThirdParty", "{6E5A1141-2B04-4517-B3EE-C9A47F4F91D6}"
EndProject
Project("{2150E333-8FDC-42A3-9474-1A3956D46DE8}") = "Sandbox", "Sandbox", "{4E8295A9-4482-4E20-A7AB-7A45A8685844}"
EndProject
Project("{FAE04EC0-301F-11D3-BF4B-00C04F79EFBC}") = "Abatab.Core.Catalog", "..\Abatab.Core\Abatab.Core.Catalog\Abatab.Core.Catalog.csproj", "{1B44E970-AF13-4188-A6EC-449BF42FA32E}"
EndProject
Project("{FAE04EC0-301F-11D3-BF4B-00C04F79EFBC}") = "Abatab.Core.Framework", "..\Abatab.Core\Abatab.Core.Framework\Abatab.Core.Framework.csproj", "{BE5DBE90-0987-4B10-A87C-0A4FCCC49A5B}"
EndProject
Project("{FAE04EC0-301F-11D3-BF4B-00C04F79EFBC}") = "Abatab.Core.Logger", "..\Abatab.Core\Abatab.Core.Logger\Abatab.Core.Logger.csproj", "{C94AF429-C995-4E3F-9ACF-E989FC95F7EA}"
EndProject
Project("{FAE04EC0-301F-11D3-BF4B-00C04F79EFBC}") = "Abatab.Core.Messaging", "..\Abatab.Core\Abatab.Core.Messaging\Abatab.Core.Messaging.csproj", "{E71D6257-73FF-4D89-9AA5-FC3A27346146}"
EndProject
Project("{FAE04EC0-301F-11D3-BF4B-00C04F79EFBC}") = "Abatab.Core.Session", "..\Abatab.Core\Abatab.Core.Session\Abatab.Core.Session.csproj", "{67D07064-68D8-4AEB-A562-093FA9973B43}"
EndProject
Project("{FAE04EC0-301F-11D3-BF4B-00C04F79EFBC}") = "Abatab.Core.Utility", "..\Abatab.Core\Abatab.Core.Utilities\Abatab.Core.Utility.csproj", "{88553C90-6BAE-4005-B2CC-FD9A68ADC094}"
EndProject
Project("{FAE04EC0-301F-11D3-BF4B-00C04F79EFBC}") = "Abatab.Module.ProgressNote", "..\Abatab.Module\Abatab.Module.ProgressNote\Abatab.Module.ProgressNote.csproj", "{C909F7A7-789F-44BB-8F60-D27F9DE261AF}"
EndProject
Project("{FAE04EC0-301F-11D3-BF4B-00C04F79EFBC}") = "Abatab.Module.Prototype", "..\Abatab.Module\Abatab.Module.Prototype\Abatab.Module.Prototype.csproj", "{1E0F71AD-E7BB-4EAF-8120-6A19A20BE962}"
EndProject
Project("{FAE04EC0-301F-11D3-BF4B-00C04F79EFBC}") = "Abatab.Module.QuickMedicationOrder", "..\Abatab.Module\Abatab.Module.QuickMedicationOrder\Abatab.Module.QuickMedicationOrder.csproj", "{8732FFAF-C872-4622-8A46-BA629A811E6A}"
EndProject
Project("{FAE04EC0-301F-11D3-BF4B-00C04F79EFBC}") = "Abatab.Module.Testing", "..\Abatab.Module\Abatab.Module.Testing\Abatab.Module.Testing.csproj", "{74607575-E22F-4D54-A5ED-2064176E1901}"
EndProject
Project("{FAE04EC0-301F-11D3-BF4B-00C04F79EFBC}") = "Abatab.Sandbox.DevFive", "..\Abatab.Sandbox\Abatab.Sandbox.DevFive\Abatab.Sandbox.DevFive.csproj", "{2DA4620D-DE24-4A3B-97AB-506AB99A5AF0}"
EndProject
Project("{FAE04EC0-301F-11D3-BF4B-00C04F79EFBC}") = "Abatab.Sandbox.DevFour", "..\Abatab.Sandbox\Abatab.Sandbox.DevFour\Abatab.Sandbox.DevFour.csproj", "{5ABB52D8-A0B7-40C9-A6BC-FC5BEA240C40}"
EndProject
Project("{FAE04EC0-301F-11D3-BF4B-00C04F79EFBC}") = "Abatab.Sandbox.DevOne", "..\Abatab.Sandbox\Abatab.Sandbox.DevOne\Abatab.Sandbox.DevOne.csproj", "{8C88B9F0-E0DD-45B0-8E5A-3F9314749558}"
EndProject
Project("{FAE04EC0-301F-11D3-BF4B-00C04F79EFBC}") = "Abatab.Sandbox.DevThree", "..\Abatab.Sandbox\Abatab.Sandbox.DevThree\Abatab.Sandbox.DevThree.csproj", "{53DBA689-02AE-430F-9892-0A5DF21D2827}"
EndProject
Project("{FAE04EC0-301F-11D3-BF4B-00C04F79EFBC}") = "Abatab.Sandbox.DevTwo", "..\Abatab.Sandbox\Abatab.Sandbox.DevTwo\Abatab.Sandbox.DevTwo.csproj", "{655F2443-890A-429D-A0E5-E2161A13BFE3}"
EndProject
Project("{9A19103F-16F7-4668-BE54-9A1E7A4F7556}") = "ScriptLinkStandard", "..\Abatab.ThirdParty\ScriptLinkStandard\ScriptLinkStandard.csproj", "{DE6DBD70-A9A9-444B-BD09-9A1B50204ADD}"
EndProject
Project("{FAE04EC0-301F-11D3-BF4B-00C04F79EFBC}") = "DocFX", "..\Abatab.ThirdParty\DocFX\DocFX.csproj", "{B1C21FC7-B20F-4E99-8E7D-B017D75F0043}"
EndProject
Global
	GlobalSection(SolutionConfigurationPlatforms) = preSolution
		Debug|Any CPU = Debug|Any CPU
		Release|Any CPU = Release|Any CPU
	EndGlobalSection
	GlobalSection(ProjectConfigurationPlatforms) = postSolution
		{2F8CF756-3BD3-40AF-BB5C-0CCC497B96AE}.Debug|Any CPU.ActiveCfg = Debug|Any CPU
		{2F8CF756-3BD3-40AF-BB5C-0CCC497B96AE}.Debug|Any CPU.Build.0 = Debug|Any CPU
		{2F8CF756-3BD3-40AF-BB5C-0CCC497B96AE}.Release|Any CPU.ActiveCfg = Release|Any CPU
		{2F8CF756-3BD3-40AF-BB5C-0CCC497B96AE}.Release|Any CPU.Build.0 = Release|Any CPU
		{1B44E970-AF13-4188-A6EC-449BF42FA32E}.Debug|Any CPU.ActiveCfg = Debug|Any CPU
		{1B44E970-AF13-4188-A6EC-449BF42FA32E}.Debug|Any CPU.Build.0 = Debug|Any CPU
		{1B44E970-AF13-4188-A6EC-449BF42FA32E}.Release|Any CPU.ActiveCfg = Release|Any CPU
		{1B44E970-AF13-4188-A6EC-449BF42FA32E}.Release|Any CPU.Build.0 = Release|Any CPU
		{BE5DBE90-0987-4B10-A87C-0A4FCCC49A5B}.Debug|Any CPU.ActiveCfg = Debug|Any CPU
		{BE5DBE90-0987-4B10-A87C-0A4FCCC49A5B}.Debug|Any CPU.Build.0 = Debug|Any CPU
		{BE5DBE90-0987-4B10-A87C-0A4FCCC49A5B}.Release|Any CPU.ActiveCfg = Release|Any CPU
		{BE5DBE90-0987-4B10-A87C-0A4FCCC49A5B}.Release|Any CPU.Build.0 = Release|Any CPU
		{C94AF429-C995-4E3F-9ACF-E989FC95F7EA}.Debug|Any CPU.ActiveCfg = Debug|Any CPU
		{C94AF429-C995-4E3F-9ACF-E989FC95F7EA}.Debug|Any CPU.Build.0 = Debug|Any CPU
		{C94AF429-C995-4E3F-9ACF-E989FC95F7EA}.Release|Any CPU.ActiveCfg = Release|Any CPU
		{C94AF429-C995-4E3F-9ACF-E989FC95F7EA}.Release|Any CPU.Build.0 = Release|Any CPU
		{E71D6257-73FF-4D89-9AA5-FC3A27346146}.Debug|Any CPU.ActiveCfg = Debug|Any CPU
		{E71D6257-73FF-4D89-9AA5-FC3A27346146}.Debug|Any CPU.Build.0 = Debug|Any CPU
		{E71D6257-73FF-4D89-9AA5-FC3A27346146}.Release|Any CPU.ActiveCfg = Release|Any CPU
		{E71D6257-73FF-4D89-9AA5-FC3A27346146}.Release|Any CPU.Build.0 = Release|Any CPU
		{67D07064-68D8-4AEB-A562-093FA9973B43}.Debug|Any CPU.ActiveCfg = Debug|Any CPU
		{67D07064-68D8-4AEB-A562-093FA9973B43}.Debug|Any CPU.Build.0 = Debug|Any CPU
		{67D07064-68D8-4AEB-A562-093FA9973B43}.Release|Any CPU.ActiveCfg = Release|Any CPU
		{67D07064-68D8-4AEB-A562-093FA9973B43}.Release|Any CPU.Build.0 = Release|Any CPU
		{88553C90-6BAE-4005-B2CC-FD9A68ADC094}.Debug|Any CPU.ActiveCfg = Debug|Any CPU
		{88553C90-6BAE-4005-B2CC-FD9A68ADC094}.Debug|Any CPU.Build.0 = Debug|Any CPU
		{88553C90-6BAE-4005-B2CC-FD9A68ADC094}.Release|Any CPU.ActiveCfg = Release|Any CPU
		{88553C90-6BAE-4005-B2CC-FD9A68ADC094}.Release|Any CPU.Build.0 = Release|Any CPU
		{C909F7A7-789F-44BB-8F60-D27F9DE261AF}.Debug|Any CPU.ActiveCfg = Debug|Any CPU
		{C909F7A7-789F-44BB-8F60-D27F9DE261AF}.Debug|Any CPU.Build.0 = Debug|Any CPU
		{C909F7A7-789F-44BB-8F60-D27F9DE261AF}.Release|Any CPU.ActiveCfg = Release|Any CPU
		{C909F7A7-789F-44BB-8F60-D27F9DE261AF}.Release|Any CPU.Build.0 = Release|Any CPU
		{1E0F71AD-E7BB-4EAF-8120-6A19A20BE962}.Debug|Any CPU.ActiveCfg = Debug|Any CPU
		{1E0F71AD-E7BB-4EAF-8120-6A19A20BE962}.Debug|Any CPU.Build.0 = Debug|Any CPU
		{1E0F71AD-E7BB-4EAF-8120-6A19A20BE962}.Release|Any CPU.ActiveCfg = Release|Any CPU
		{1E0F71AD-E7BB-4EAF-8120-6A19A20BE962}.Release|Any CPU.Build.0 = Release|Any CPU
		{8732FFAF-C872-4622-8A46-BA629A811E6A}.Debug|Any CPU.ActiveCfg = Debug|Any CPU
		{8732FFAF-C872-4622-8A46-BA629A811E6A}.Debug|Any CPU.Build.0 = Debug|Any CPU
		{8732FFAF-C872-4622-8A46-BA629A811E6A}.Release|Any CPU.ActiveCfg = Release|Any CPU
		{8732FFAF-C872-4622-8A46-BA629A811E6A}.Release|Any CPU.Build.0 = Release|Any CPU
		{74607575-E22F-4D54-A5ED-2064176E1901}.Debug|Any CPU.ActiveCfg = Debug|Any CPU
		{74607575-E22F-4D54-A5ED-2064176E1901}.Debug|Any CPU.Build.0 = Debug|Any CPU
		{74607575-E22F-4D54-A5ED-2064176E1901}.Release|Any CPU.ActiveCfg = Release|Any CPU
		{74607575-E22F-4D54-A5ED-2064176E1901}.Release|Any CPU.Build.0 = Release|Any CPU
		{2DA4620D-DE24-4A3B-97AB-506AB99A5AF0}.Debug|Any CPU.ActiveCfg = Debug|Any CPU
		{2DA4620D-DE24-4A3B-97AB-506AB99A5AF0}.Debug|Any CPU.Build.0 = Debug|Any CPU
		{2DA4620D-DE24-4A3B-97AB-506AB99A5AF0}.Release|Any CPU.ActiveCfg = Release|Any CPU
		{2DA4620D-DE24-4A3B-97AB-506AB99A5AF0}.Release|Any CPU.Build.0 = Release|Any CPU
		{5ABB52D8-A0B7-40C9-A6BC-FC5BEA240C40}.Debug|Any CPU.ActiveCfg = Debug|Any CPU
		{5ABB52D8-A0B7-40C9-A6BC-FC5BEA240C40}.Debug|Any CPU.Build.0 = Debug|Any CPU
		{5ABB52D8-A0B7-40C9-A6BC-FC5BEA240C40}.Release|Any CPU.ActiveCfg = Release|Any CPU
		{5ABB52D8-A0B7-40C9-A6BC-FC5BEA240C40}.Release|Any CPU.Build.0 = Release|Any CPU
		{8C88B9F0-E0DD-45B0-8E5A-3F9314749558}.Debug|Any CPU.ActiveCfg = Debug|Any CPU
		{8C88B9F0-E0DD-45B0-8E5A-3F9314749558}.Debug|Any CPU.Build.0 = Debug|Any CPU
		{8C88B9F0-E0DD-45B0-8E5A-3F9314749558}.Release|Any CPU.ActiveCfg = Release|Any CPU
		{8C88B9F0-E0DD-45B0-8E5A-3F9314749558}.Release|Any CPU.Build.0 = Release|Any CPU
		{53DBA689-02AE-430F-9892-0A5DF21D2827}.Debug|Any CPU.ActiveCfg = Debug|Any CPU
		{53DBA689-02AE-430F-9892-0A5DF21D2827}.Debug|Any CPU.Build.0 = Debug|Any CPU
		{53DBA689-02AE-430F-9892-0A5DF21D2827}.Release|Any CPU.ActiveCfg = Release|Any CPU
		{53DBA689-02AE-430F-9892-0A5DF21D2827}.Release|Any CPU.Build.0 = Release|Any CPU
		{655F2443-890A-429D-A0E5-E2161A13BFE3}.Debug|Any CPU.ActiveCfg = Debug|Any CPU
		{655F2443-890A-429D-A0E5-E2161A13BFE3}.Debug|Any CPU.Build.0 = Debug|Any CPU
		{655F2443-890A-429D-A0E5-E2161A13BFE3}.Release|Any CPU.ActiveCfg = Release|Any CPU
		{655F2443-890A-429D-A0E5-E2161A13BFE3}.Release|Any CPU.Build.0 = Release|Any CPU
		{DE6DBD70-A9A9-444B-BD09-9A1B50204ADD}.Debug|Any CPU.ActiveCfg = Debug|Any CPU
		{DE6DBD70-A9A9-444B-BD09-9A1B50204ADD}.Debug|Any CPU.Build.0 = Debug|Any CPU
		{DE6DBD70-A9A9-444B-BD09-9A1B50204ADD}.Release|Any CPU.ActiveCfg = Release|Any CPU
		{DE6DBD70-A9A9-444B-BD09-9A1B50204ADD}.Release|Any CPU.Build.0 = Release|Any CPU
		{B1C21FC7-B20F-4E99-8E7D-B017D75F0043}.Debug|Any CPU.ActiveCfg = Debug|Any CPU
		{B1C21FC7-B20F-4E99-8E7D-B017D75F0043}.Debug|Any CPU.Build.0 = Debug|Any CPU
		{B1C21FC7-B20F-4E99-8E7D-B017D75F0043}.Release|Any CPU.ActiveCfg = Release|Any CPU
		{B1C21FC7-B20F-4E99-8E7D-B017D75F0043}.Release|Any CPU.Build.0 = Release|Any CPU
	EndGlobalSection
	GlobalSection(SolutionProperties) = preSolution
		HideSolutionNode = FALSE
	EndGlobalSection
	GlobalSection(NestedProjects) = preSolution
		{1B44E970-AF13-4188-A6EC-449BF42FA32E} = {8896A775-B439-44BA-BBA7-2AA13425EEAA}
		{BE5DBE90-0987-4B10-A87C-0A4FCCC49A5B} = {8896A775-B439-44BA-BBA7-2AA13425EEAA}
		{C94AF429-C995-4E3F-9ACF-E989FC95F7EA} = {8896A775-B439-44BA-BBA7-2AA13425EEAA}
		{E71D6257-73FF-4D89-9AA5-FC3A27346146} = {8896A775-B439-44BA-BBA7-2AA13425EEAA}
		{67D07064-68D8-4AEB-A562-093FA9973B43} = {8896A775-B439-44BA-BBA7-2AA13425EEAA}
		{88553C90-6BAE-4005-B2CC-FD9A68ADC094} = {8896A775-B439-44BA-BBA7-2AA13425EEAA}
		{C909F7A7-789F-44BB-8F60-D27F9DE261AF} = {97E3CCF8-4873-43BF-836F-16AA911302EB}
		{1E0F71AD-E7BB-4EAF-8120-6A19A20BE962} = {97E3CCF8-4873-43BF-836F-16AA911302EB}
		{8732FFAF-C872-4622-8A46-BA629A811E6A} = {97E3CCF8-4873-43BF-836F-16AA911302EB}
		{74607575-E22F-4D54-A5ED-2064176E1901} = {97E3CCF8-4873-43BF-836F-16AA911302EB}
		{2DA4620D-DE24-4A3B-97AB-506AB99A5AF0} = {4E8295A9-4482-4E20-A7AB-7A45A8685844}
		{5ABB52D8-A0B7-40C9-A6BC-FC5BEA240C40} = {4E8295A9-4482-4E20-A7AB-7A45A8685844}
		{8C88B9F0-E0DD-45B0-8E5A-3F9314749558} = {4E8295A9-4482-4E20-A7AB-7A45A8685844}
		{53DBA689-02AE-430F-9892-0A5DF21D2827} = {4E8295A9-4482-4E20-A7AB-7A45A8685844}
		{655F2443-890A-429D-A0E5-E2161A13BFE3} = {4E8295A9-4482-4E20-A7AB-7A45A8685844}
		{DE6DBD70-A9A9-444B-BD09-9A1B50204ADD} = {6E5A1141-2B04-4517-B3EE-C9A47F4F91D6}
		{B1C21FC7-B20F-4E99-8E7D-B017D75F0043} = {6E5A1141-2B04-4517-B3EE-C9A47F4F91D6}
	EndGlobalSection
	GlobalSection(ExtensibilityGlobals) = postSolution
		SolutionGuid = {80A97D16-70D8-45D3-8E61-4D3A6EC7AE16}
	EndGlobalSection
EndGlobal
