
Microsoft Visual Studio Solution File, Format Version 12.00
# Visual Studio Version 17
VisualStudioVersion = 17.9.34902.65
MinimumVisualStudioVersion = 10.0.40219.1
Project("{FAE04EC0-301F-11D3-BF4B-00C04F79EFBC}") = "Abatabadev", "Abatabadev.csproj", "{AD42DBB9-8C00-4F56-AD62-9FE5174FC03F}"
EndProject
Project("{2150E333-8FDC-42A3-9474-1A3956D46DE8}") = "ThirdParty", "ThirdParty", "{0399D541-9C97-47C0-8B9F-0891B30C2B4D}"
EndProject
Project("{9A19103F-16F7-4668-BE54-9A1E7A4F7556}") = "ScriptLinkStandard", "..\..\Abatab.ThirdParty\ScriptLinkStandard\ScriptLinkStandard.csproj", "{CA9939C4-205B-4002-9F03-4FC5365D89F3}"
EndProject
Project("{2150E333-8FDC-42A3-9474-1A3956D46DE8}") = "Abatab.Module", "Abatab.Module", "{A681CA2C-486D-4838-994D-E91D6215C49A}"
EndProject
Project("{2150E333-8FDC-42A3-9474-1A3956D46DE8}") = "Abatab.Core", "Abatab.Core", "{7C241D67-F168-4FC0-A9DB-D57F2245C24D}"
EndProject
Project("{2150E333-8FDC-42A3-9474-1A3956D46DE8}") = "Abatab.Sandbox", "Abatab.Sandbox", "{98F2778C-335A-4F16-BC72-1780B8017C69}"
EndProject
Project("{FAE04EC0-301F-11D3-BF4B-00C04F79EFBC}") = "Abatab.Core.Catalog", "..\..\Abatab.Core\src\Abatab.Core.Catalog\Abatab.Core.Catalog.csproj", "{1B44E970-AF13-4188-A6EC-449BF42FA32E}"
EndProject
Project("{FAE04EC0-301F-11D3-BF4B-00C04F79EFBC}") = "Abatab.Core.DataExport", "..\..\Abatab.Core\src\Abatab.Core.DataExport\Abatab.Core.DataExport.csproj", "{9DB81D7F-BA9F-4E59-A63F-B00514AC1F40}"
EndProject
Project("{FAE04EC0-301F-11D3-BF4B-00C04F79EFBC}") = "Abatab.Core.Framework", "..\..\Abatab.Core\src\Abatab.Core.Framework\Abatab.Core.Framework.csproj", "{BE5DBE90-0987-4B10-A87C-0A4FCCC49A5B}"
EndProject
Project("{FAE04EC0-301F-11D3-BF4B-00C04F79EFBC}") = "Abatab.Core.Logger", "..\..\Abatab.Core\src\Abatab.Core.Logger\Abatab.Core.Logger.csproj", "{C94AF429-C995-4E3F-9ACF-E989FC95F7EA}"
EndProject
Project("{FAE04EC0-301F-11D3-BF4B-00C04F79EFBC}") = "Abatab.Core.Messaging", "..\..\Abatab.Core\src\Abatab.Core.Messaging\Abatab.Core.Messaging.csproj", "{E71D6257-73FF-4D89-9AA5-FC3A27346146}"
EndProject
Project("{FAE04EC0-301F-11D3-BF4B-00C04F79EFBC}") = "Abatab.Core.Session", "..\..\Abatab.Core\src\Abatab.Core.Session\Abatab.Core.Session.csproj", "{67D07064-68D8-4AEB-A562-093FA9973B43}"
EndProject
Project("{FAE04EC0-301F-11D3-BF4B-00C04F79EFBC}") = "Abatab.Core.Utility", "..\..\Abatab.Core\src\Abatab.Core.Utilities\Abatab.Core.Utility.csproj", "{88553C90-6BAE-4005-B2CC-FD9A68ADC094}"
EndProject
Project("{FAE04EC0-301F-11D3-BF4B-00C04F79EFBC}") = "Abatab.Module.ProgressNote", "..\..\Abatab.Module\src\Abatab.Module.ProgressNote\Abatab.Module.ProgressNote.csproj", "{C909F7A7-789F-44BB-8F60-D27F9DE261AF}"
EndProject
Project("{FAE04EC0-301F-11D3-BF4B-00C04F79EFBC}") = "Abatab.Module.Prototype", "..\..\Abatab.Module\src\Abatab.Module.Prototype\Abatab.Module.Prototype.csproj", "{1E0F71AD-E7BB-4EAF-8120-6A19A20BE962}"
EndProject
Project("{FAE04EC0-301F-11D3-BF4B-00C04F79EFBC}") = "Abatab.Module.QuickMedicationOrder", "..\..\Abatab.Module\src\Abatab.Module.QuickMedicationOrder\Abatab.Module.QuickMedicationOrder.csproj", "{8732FFAF-C872-4622-8A46-BA629A811E6A}"
EndProject
Project("{FAE04EC0-301F-11D3-BF4B-00C04F79EFBC}") = "Abatab.Module.Testing", "..\..\Abatab.Module\src\Abatab.Module.Testing\Abatab.Module.Testing.csproj", "{74607575-E22F-4D54-A5ED-2064176E1901}"
EndProject
Project("{FAE04EC0-301F-11D3-BF4B-00C04F79EFBC}") = "Abatab.Sandbox.DevFive", "..\..\Abatab.Sandbox\src\Abatab.Sandbox.DevFive\Abatab.Sandbox.DevFive.csproj", "{2DA4620D-DE24-4A3B-97AB-506AB99A5AF0}"
EndProject
Project("{FAE04EC0-301F-11D3-BF4B-00C04F79EFBC}") = "Abatab.Sandbox.DevFour", "..\..\Abatab.Sandbox\src\Abatab.Sandbox.DevFour\Abatab.Sandbox.DevFour.csproj", "{5ABB52D8-A0B7-40C9-A6BC-FC5BEA240C40}"
EndProject
Project("{FAE04EC0-301F-11D3-BF4B-00C04F79EFBC}") = "Abatab.Sandbox.DevOne", "..\..\Abatab.Sandbox\src\Abatab.Sandbox.DevOne\Abatab.Sandbox.DevOne.csproj", "{8C88B9F0-E0DD-45B0-8E5A-3F9314749558}"
EndProject
Project("{FAE04EC0-301F-11D3-BF4B-00C04F79EFBC}") = "Abatab.Sandbox.DevThree", "..\..\Abatab.Sandbox\src\Abatab.Sandbox.DevThree\Abatab.Sandbox.DevThree.csproj", "{53DBA689-02AE-430F-9892-0A5DF21D2827}"
EndProject
Project("{FAE04EC0-301F-11D3-BF4B-00C04F79EFBC}") = "Abatab.Sandbox.DevTwo", "..\..\Abatab.Sandbox\src\Abatab.Sandbox.DevTwo\Abatab.Sandbox.DevTwo.csproj", "{655F2443-890A-429D-A0E5-E2161A13BFE3}"
EndProject
Global
	GlobalSection(SolutionConfigurationPlatforms) = preSolution
		Debug|Any CPU = Debug|Any CPU
		Release|Any CPU = Release|Any CPU
	EndGlobalSection
	GlobalSection(ProjectConfigurationPlatforms) = postSolution
		{AD42DBB9-8C00-4F56-AD62-9FE5174FC03F}.Debug|Any CPU.ActiveCfg = Debug|Any CPU
		{AD42DBB9-8C00-4F56-AD62-9FE5174FC03F}.Debug|Any CPU.Build.0 = Debug|Any CPU
		{AD42DBB9-8C00-4F56-AD62-9FE5174FC03F}.Release|Any CPU.ActiveCfg = Release|Any CPU
		{AD42DBB9-8C00-4F56-AD62-9FE5174FC03F}.Release|Any CPU.Build.0 = Release|Any CPU
		{CA9939C4-205B-4002-9F03-4FC5365D89F3}.Debug|Any CPU.ActiveCfg = Debug|Any CPU
		{CA9939C4-205B-4002-9F03-4FC5365D89F3}.Debug|Any CPU.Build.0 = Debug|Any CPU
		{CA9939C4-205B-4002-9F03-4FC5365D89F3}.Release|Any CPU.ActiveCfg = Release|Any CPU
		{CA9939C4-205B-4002-9F03-4FC5365D89F3}.Release|Any CPU.Build.0 = Release|Any CPU
		{1B44E970-AF13-4188-A6EC-449BF42FA32E}.Debug|Any CPU.ActiveCfg = Debug|Any CPU
		{1B44E970-AF13-4188-A6EC-449BF42FA32E}.Debug|Any CPU.Build.0 = Debug|Any CPU
		{1B44E970-AF13-4188-A6EC-449BF42FA32E}.Release|Any CPU.ActiveCfg = Release|Any CPU
		{1B44E970-AF13-4188-A6EC-449BF42FA32E}.Release|Any CPU.Build.0 = Release|Any CPU
		{9DB81D7F-BA9F-4E59-A63F-B00514AC1F40}.Debug|Any CPU.ActiveCfg = Debug|Any CPU
		{9DB81D7F-BA9F-4E59-A63F-B00514AC1F40}.Debug|Any CPU.Build.0 = Debug|Any CPU
		{9DB81D7F-BA9F-4E59-A63F-B00514AC1F40}.Release|Any CPU.ActiveCfg = Release|Any CPU
		{9DB81D7F-BA9F-4E59-A63F-B00514AC1F40}.Release|Any CPU.Build.0 = Release|Any CPU
		{BE5DBE90-0987-4B10-A87C-0A4FCCC49A5B}.Debug|Any CPU.ActiveCfg = Debug|Any CPU
		{BE5DBE90-0987-4B10-A87C-0A4FCCC49A5B}.Debug|Any CPU.Build.0 = Debug|Any CPU
		{BE5DBE90-0987-4B10-A87C-0A4FCCC49A5B}.Release|Any CPU.ActiveCfg = Release|Any CPU
		{BE5DBE90-0987-4B10-A87C-0A4FCCC49A5B}.Release|Any CPU.Build.0 = Release|Any CPU
		{C94AF429-C995-4E3F-9ACF-E989FC95F7EA}.Debug|Any CPU.ActiveCfg = Debug|Any CPU
		{C94AF429-C995-4E3F-9ACF-E989FC95F7EA}.Debug|Any CPU.Build.0 = Debug|Any CPU
		{C94AF429-C995-4E3F-9ACF-E989FC95F7EA}.Release|Any CPU.ActiveCfg = Release|Any CPU
		{C94AF429-C995-4E3F-9ACF-E989FC95F7EA}.Release|Any CPU.Build.0 = Release|Any CPU
		{E71D6257-73FF-4D89-9AA5-FC3A27346146}.Debug|Any CPU.ActiveCfg = Debug|Any CPU
		{E71D6257-73FF-4D89-9AA5-FC3A27346146}.Debug|Any CPU.Build.0 = Debug|Any CPU
		{E71D6257-73FF-4D89-9AA5-FC3A27346146}.Release|Any CPU.ActiveCfg = Release|Any CPU
		{E71D6257-73FF-4D89-9AA5-FC3A27346146}.Release|Any CPU.Build.0 = Release|Any CPU
		{67D07064-68D8-4AEB-A562-093FA9973B43}.Debug|Any CPU.ActiveCfg = Debug|Any CPU
		{67D07064-68D8-4AEB-A562-093FA9973B43}.Debug|Any CPU.Build.0 = Debug|Any CPU
		{67D07064-68D8-4AEB-A562-093FA9973B43}.Release|Any CPU.ActiveCfg = Release|Any CPU
		{67D07064-68D8-4AEB-A562-093FA9973B43}.Release|Any CPU.Build.0 = Release|Any CPU
		{88553C90-6BAE-4005-B2CC-FD9A68ADC094}.Debug|Any CPU.ActiveCfg = Debug|Any CPU
		{88553C90-6BAE-4005-B2CC-FD9A68ADC094}.Debug|Any CPU.Build.0 = Debug|Any CPU
		{88553C90-6BAE-4005-B2CC-FD9A68ADC094}.Release|Any CPU.ActiveCfg = Release|Any CPU
		{88553C90-6BAE-4005-B2CC-FD9A68ADC094}.Release|Any CPU.Build.0 = Release|Any CPU
		{C909F7A7-789F-44BB-8F60-D27F9DE261AF}.Debug|Any CPU.ActiveCfg = Debug|Any CPU
		{C909F7A7-789F-44BB-8F60-D27F9DE261AF}.Debug|Any CPU.Build.0 = Debug|Any CPU
		{C909F7A7-789F-44BB-8F60-D27F9DE261AF}.Release|Any CPU.ActiveCfg = Release|Any CPU
		{C909F7A7-789F-44BB-8F60-D27F9DE261AF}.Release|Any CPU.Build.0 = Release|Any CPU
		{1E0F71AD-E7BB-4EAF-8120-6A19A20BE962}.Debug|Any CPU.ActiveCfg = Debug|Any CPU
		{1E0F71AD-E7BB-4EAF-8120-6A19A20BE962}.Debug|Any CPU.Build.0 = Debug|Any CPU
		{1E0F71AD-E7BB-4EAF-8120-6A19A20BE962}.Release|Any CPU.ActiveCfg = Release|Any CPU
		{1E0F71AD-E7BB-4EAF-8120-6A19A20BE962}.Release|Any CPU.Build.0 = Release|Any CPU
		{8732FFAF-C872-4622-8A46-BA629A811E6A}.Debug|Any CPU.ActiveCfg = Debug|Any CPU
		{8732FFAF-C872-4622-8A46-BA629A811E6A}.Debug|Any CPU.Build.0 = Debug|Any CPU
		{8732FFAF-C872-4622-8A46-BA629A811E6A}.Release|Any CPU.ActiveCfg = Release|Any CPU
		{8732FFAF-C872-4622-8A46-BA629A811E6A}.Release|Any CPU.Build.0 = Release|Any CPU
		{74607575-E22F-4D54-A5ED-2064176E1901}.Debug|Any CPU.ActiveCfg = Debug|Any CPU
		{74607575-E22F-4D54-A5ED-2064176E1901}.Debug|Any CPU.Build.0 = Debug|Any CPU
		{74607575-E22F-4D54-A5ED-2064176E1901}.Release|Any CPU.ActiveCfg = Release|Any CPU
		{74607575-E22F-4D54-A5ED-2064176E1901}.Release|Any CPU.Build.0 = Release|Any CPU
		{2DA4620D-DE24-4A3B-97AB-506AB99A5AF0}.Debug|Any CPU.ActiveCfg = Debug|Any CPU
		{2DA4620D-DE24-4A3B-97AB-506AB99A5AF0}.Debug|Any CPU.Build.0 = Debug|Any CPU
		{2DA4620D-DE24-4A3B-97AB-506AB99A5AF0}.Release|Any CPU.ActiveCfg = Release|Any CPU
		{2DA4620D-DE24-4A3B-97AB-506AB99A5AF0}.Release|Any CPU.Build.0 = Release|Any CPU
		{5ABB52D8-A0B7-40C9-A6BC-FC5BEA240C40}.Debug|Any CPU.ActiveCfg = Debug|Any CPU
		{5ABB52D8-A0B7-40C9-A6BC-FC5BEA240C40}.Debug|Any CPU.Build.0 = Debug|Any CPU
		{5ABB52D8-A0B7-40C9-A6BC-FC5BEA240C40}.Release|Any CPU.ActiveCfg = Release|Any CPU
		{5ABB52D8-A0B7-40C9-A6BC-FC5BEA240C40}.Release|Any CPU.Build.0 = Release|Any CPU
		{8C88B9F0-E0DD-45B0-8E5A-3F9314749558}.Debug|Any CPU.ActiveCfg = Debug|Any CPU
		{8C88B9F0-E0DD-45B0-8E5A-3F9314749558}.Debug|Any CPU.Build.0 = Debug|Any CPU
		{8C88B9F0-E0DD-45B0-8E5A-3F9314749558}.Release|Any CPU.ActiveCfg = Release|Any CPU
		{8C88B9F0-E0DD-45B0-8E5A-3F9314749558}.Release|Any CPU.Build.0 = Release|Any CPU
		{53DBA689-02AE-430F-9892-0A5DF21D2827}.Debug|Any CPU.ActiveCfg = Debug|Any CPU
		{53DBA689-02AE-430F-9892-0A5DF21D2827}.Debug|Any CPU.Build.0 = Debug|Any CPU
		{53DBA689-02AE-430F-9892-0A5DF21D2827}.Release|Any CPU.ActiveCfg = Release|Any CPU
		{53DBA689-02AE-430F-9892-0A5DF21D2827}.Release|Any CPU.Build.0 = Release|Any CPU
		{655F2443-890A-429D-A0E5-E2161A13BFE3}.Debug|Any CPU.ActiveCfg = Debug|Any CPU
		{655F2443-890A-429D-A0E5-E2161A13BFE3}.Debug|Any CPU.Build.0 = Debug|Any CPU
		{655F2443-890A-429D-A0E5-E2161A13BFE3}.Release|Any CPU.ActiveCfg = Release|Any CPU
		{655F2443-890A-429D-A0E5-E2161A13BFE3}.Release|Any CPU.Build.0 = Release|Any CPU
	EndGlobalSection
	GlobalSection(SolutionProperties) = preSolution
		HideSolutionNode = FALSE
	EndGlobalSection
	GlobalSection(NestedProjects) = preSolution
		{CA9939C4-205B-4002-9F03-4FC5365D89F3} = {0399D541-9C97-47C0-8B9F-0891B30C2B4D}
		{1B44E970-AF13-4188-A6EC-449BF42FA32E} = {7C241D67-F168-4FC0-A9DB-D57F2245C24D}
		{9DB81D7F-BA9F-4E59-A63F-B00514AC1F40} = {7C241D67-F168-4FC0-A9DB-D57F2245C24D}
		{BE5DBE90-0987-4B10-A87C-0A4FCCC49A5B} = {7C241D67-F168-4FC0-A9DB-D57F2245C24D}
		{C94AF429-C995-4E3F-9ACF-E989FC95F7EA} = {7C241D67-F168-4FC0-A9DB-D57F2245C24D}
		{E71D6257-73FF-4D89-9AA5-FC3A27346146} = {7C241D67-F168-4FC0-A9DB-D57F2245C24D}
		{67D07064-68D8-4AEB-A562-093FA9973B43} = {7C241D67-F168-4FC0-A9DB-D57F2245C24D}
		{88553C90-6BAE-4005-B2CC-FD9A68ADC094} = {7C241D67-F168-4FC0-A9DB-D57F2245C24D}
		{C909F7A7-789F-44BB-8F60-D27F9DE261AF} = {A681CA2C-486D-4838-994D-E91D6215C49A}
		{1E0F71AD-E7BB-4EAF-8120-6A19A20BE962} = {A681CA2C-486D-4838-994D-E91D6215C49A}
		{8732FFAF-C872-4622-8A46-BA629A811E6A} = {A681CA2C-486D-4838-994D-E91D6215C49A}
		{74607575-E22F-4D54-A5ED-2064176E1901} = {A681CA2C-486D-4838-994D-E91D6215C49A}
		{2DA4620D-DE24-4A3B-97AB-506AB99A5AF0} = {98F2778C-335A-4F16-BC72-1780B8017C69}
		{5ABB52D8-A0B7-40C9-A6BC-FC5BEA240C40} = {98F2778C-335A-4F16-BC72-1780B8017C69}
		{8C88B9F0-E0DD-45B0-8E5A-3F9314749558} = {98F2778C-335A-4F16-BC72-1780B8017C69}
		{53DBA689-02AE-430F-9892-0A5DF21D2827} = {98F2778C-335A-4F16-BC72-1780B8017C69}
		{655F2443-890A-429D-A0E5-E2161A13BFE3} = {98F2778C-335A-4F16-BC72-1780B8017C69}
	EndGlobalSection
	GlobalSection(ExtensibilityGlobals) = postSolution
		SolutionGuid = {B2E2D93F-15F6-4E00-B6D8-B02573C2D3BF}
	EndGlobalSection
EndGlobal
