
Microsoft Visual Studio Solution File, Format Version 12.00
# Visual Studio Version 16
VisualStudioVersion = 16.0.31410.357
MinimumVisualStudioVersion = 10.0.40219.1
Project("{FAE04EC0-301F-11D3-BF4B-00C04F79EFBC}") = "RequestSyntaxEngine", "RequestSyntaxEngine.csproj", "{8175DCE4-73B5-45EA-AE68-1333663B8632}"
EndProject
Global
	GlobalSection(SolutionConfigurationPlatforms) = preSolution
		Debug|Any CPU = Debug|Any CPU
		Release|Any CPU = Release|Any CPU
	EndGlobalSection
	GlobalSection(ProjectConfigurationPlatforms) = postSolution
		{8175DCE4-73B5-45EA-AE68-1333663B8632}.Debug|Any CPU.ActiveCfg = Debug|Any CPU
		{8175DCE4-73B5-45EA-AE68-1333663B8632}.Debug|Any CPU.Build.0 = Debug|Any CPU
		{8175DCE4-73B5-45EA-AE68-1333663B8632}.Release|Any CPU.ActiveCfg = Release|Any CPU
		{8175DCE4-73B5-45EA-AE68-1333663B8632}.Release|Any CPU.Build.0 = Release|Any CPU
	EndGlobalSection
	GlobalSection(SolutionProperties) = preSolution
		HideSolutionNode = FALSE
	EndGlobalSection
	GlobalSection(ExtensibilityGlobals) = postSolution
		SolutionGuid = {B4ED1B98-AC1C-4222-B03E-C9E0F6160CB1}
	EndGlobalSection
EndGlobal
