
Microsoft Visual Studio Solution File, Format Version 12.00
# Visual Studio Version 17
VisualStudioVersion = 17.3.32901.215
MinimumVisualStudioVersion = 10.0.40219.1
Project("{FAE04EC0-301F-11D3-BF4B-00C04F79EFBC}") = "AbatabSettings", "AbatabSettings.csproj", "{EEBF094A-B887-44B5-981B-7D9AE9482140}"
EndProject
Global
	GlobalSection(SolutionConfigurationPlatforms) = preSolution
		Debug|Any CPU = Debug|Any CPU
		Release|Any CPU = Release|Any CPU
	EndGlobalSection
	GlobalSection(ProjectConfigurationPlatforms) = postSolution
		{EEBF094A-B887-44B5-981B-7D9AE9482140}.Debug|Any CPU.ActiveCfg = Debug|Any CPU
		{EEBF094A-B887-44B5-981B-7D9AE9482140}.Debug|Any CPU.Build.0 = Debug|Any CPU
		{EEBF094A-B887-44B5-981B-7D9AE9482140}.Release|Any CPU.ActiveCfg = Release|Any CPU
		{EEBF094A-B887-44B5-981B-7D9AE9482140}.Release|Any CPU.Build.0 = Release|Any CPU
	EndGlobalSection
	GlobalSection(SolutionProperties) = preSolution
		HideSolutionNode = FALSE
	EndGlobalSection
	GlobalSection(ExtensibilityGlobals) = postSolution
		SolutionGuid = {17C4DD39-A4B7-4F35-8F06-6A1D13145414}
	EndGlobalSection
EndGlobal
