
Microsoft Visual Studio Solution File, Format Version 12.00
# Visual Studio Version 17
VisualStudioVersion = 17.4.33213.308
MinimumVisualStudioVersion = 10.0.40219.1
Project("{FAE04EC0-301F-11D3-BF4B-00C04F79EFBC}") = "Abatab.Core.Framework", "Abatab.Core.Framework.csproj", "{BE5DBE90-0987-4B10-A87C-0A4FCCC49A5B}"
EndProject
Global
	GlobalSection(SolutionConfigurationPlatforms) = preSolution
		Debug|Any CPU = Debug|Any CPU
		Release|Any CPU = Release|Any CPU
	EndGlobalSection
	GlobalSection(ProjectConfigurationPlatforms) = postSolution
		{BE5DBE90-0987-4B10-A87C-0A4FCCC49A5B}.Debug|Any CPU.ActiveCfg = Debug|Any CPU
		{BE5DBE90-0987-4B10-A87C-0A4FCCC49A5B}.Debug|Any CPU.Build.0 = Debug|Any CPU
		{BE5DBE90-0987-4B10-A87C-0A4FCCC49A5B}.Release|Any CPU.ActiveCfg = Release|Any CPU
		{BE5DBE90-0987-4B10-A87C-0A4FCCC49A5B}.Release|Any CPU.Build.0 = Release|Any CPU
	EndGlobalSection
	GlobalSection(SolutionProperties) = preSolution
		HideSolutionNode = FALSE
	EndGlobalSection
	GlobalSection(ExtensibilityGlobals) = postSolution
		SolutionGuid = {450CCE77-B586-4A9E-B37B-157F383BF324}
	EndGlobalSection
EndGlobal
