
Microsoft Visual Studio Solution File, Format Version 12.00
# Visual Studio Version 17
VisualStudioVersion = 17.12.35707.178
MinimumVisualStudioVersion = 10.0.40219.1
Project("{FAE04EC0-301F-11D3-BF4B-00C04F79EFBC}") = "TingenWebService", "TingenWebService.csproj", "{8A3CB650-07A8-43A3-B20C-743FEB8C7A8F}"
EndProject
Project("{2150E333-8FDC-42A3-9474-1A3956D46DE8}") = "ThirdParty", "ThirdParty", "{B7EB79D7-C65A-4799-B7F6-4AAB9F77FF2B}"
EndProject
Project("{FAE04EC0-301F-11D3-BF4B-00C04F79EFBC}") = "ScriptLinkStandard", "..\..\tingen-third-party\ScriptLinkStandard\ScriptLinkStandard.csproj", "{DBD6FC96-5960-ED2D-5A9B-005483B233F3}"
EndProject
Project("{FAE04EC0-301F-11D3-BF4B-00C04F79EFBC}") = "Outpost31", "..\..\outpost31\src\Outpost31.csproj", "{B0DBEDEB-4B64-4FB6-8EF6-0E3E3D2D63D9}"
EndProject
Project("{2150E333-8FDC-42A3-9474-1A3956D46DE8}") = "SHFB", "SHFB", "{02EA681E-C7D8-13C7-8484-4AC65E1B71E8}"
EndProject
Project("{7CF6DF6D-3B04-46F8-A40B-537D21BCA0B4}") = "shfb-outpost31", "..\..\tingen-documentation-project\sfhb\shfb-outpost31\shfb-outpost31.shfbproj", "{26492DE8-417A-42BA-B895-5A878DE8A975}"
EndProject
Project("{7CF6DF6D-3B04-46F8-A40B-537D21BCA0B4}") = "shfb-tingen-web-service", "..\..\tingen-documentation-project\sfhb\shfb-tingen-web-service\shfb-tingen-web-service.shfbproj", "{7D7D4827-2AB3-4955-84E2-AE3836B96DDE}"
EndProject
Global
	GlobalSection(SolutionConfigurationPlatforms) = preSolution
		Debug|Any CPU = Debug|Any CPU
		Release|Any CPU = Release|Any CPU
	EndGlobalSection
	GlobalSection(ProjectConfigurationPlatforms) = postSolution
		{8A3CB650-07A8-43A3-B20C-743FEB8C7A8F}.Debug|Any CPU.ActiveCfg = Debug|Any CPU
		{8A3CB650-07A8-43A3-B20C-743FEB8C7A8F}.Debug|Any CPU.Build.0 = Debug|Any CPU
		{8A3CB650-07A8-43A3-B20C-743FEB8C7A8F}.Release|Any CPU.ActiveCfg = Release|Any CPU
		{8A3CB650-07A8-43A3-B20C-743FEB8C7A8F}.Release|Any CPU.Build.0 = Release|Any CPU
		{DBD6FC96-5960-ED2D-5A9B-005483B233F3}.Debug|Any CPU.ActiveCfg = Debug|Any CPU
		{DBD6FC96-5960-ED2D-5A9B-005483B233F3}.Debug|Any CPU.Build.0 = Debug|Any CPU
		{DBD6FC96-5960-ED2D-5A9B-005483B233F3}.Release|Any CPU.ActiveCfg = Release|Any CPU
		{DBD6FC96-5960-ED2D-5A9B-005483B233F3}.Release|Any CPU.Build.0 = Release|Any CPU
		{B0DBEDEB-4B64-4FB6-8EF6-0E3E3D2D63D9}.Debug|Any CPU.ActiveCfg = Debug|Any CPU
		{B0DBEDEB-4B64-4FB6-8EF6-0E3E3D2D63D9}.Debug|Any CPU.Build.0 = Debug|Any CPU
		{B0DBEDEB-4B64-4FB6-8EF6-0E3E3D2D63D9}.Release|Any CPU.ActiveCfg = Release|Any CPU
		{B0DBEDEB-4B64-4FB6-8EF6-0E3E3D2D63D9}.Release|Any CPU.Build.0 = Release|Any CPU
		{26492DE8-417A-42BA-B895-5A878DE8A975}.Debug|Any CPU.ActiveCfg = Debug|Any CPU
		{26492DE8-417A-42BA-B895-5A878DE8A975}.Release|Any CPU.ActiveCfg = Release|Any CPU
		{26492DE8-417A-42BA-B895-5A878DE8A975}.Release|Any CPU.Build.0 = Release|Any CPU
		{7D7D4827-2AB3-4955-84E2-AE3836B96DDE}.Debug|Any CPU.ActiveCfg = Debug|Any CPU
		{7D7D4827-2AB3-4955-84E2-AE3836B96DDE}.Release|Any CPU.ActiveCfg = Release|Any CPU
		{7D7D4827-2AB3-4955-84E2-AE3836B96DDE}.Release|Any CPU.Build.0 = Release|Any CPU
	EndGlobalSection
	GlobalSection(SolutionProperties) = preSolution
		HideSolutionNode = FALSE
	EndGlobalSection
	GlobalSection(NestedProjects) = preSolution
		{26492DE8-417A-42BA-B895-5A878DE8A975} = {02EA681E-C7D8-13C7-8484-4AC65E1B71E8}
		{7D7D4827-2AB3-4955-84E2-AE3836B96DDE} = {02EA681E-C7D8-13C7-8484-4AC65E1B71E8}
	EndGlobalSection
	GlobalSection(ExtensibilityGlobals) = postSolution
		SolutionGuid = {703B9C13-B087-4CB5-854D-946C9AE885BD}
	EndGlobalSection
EndGlobal
